
Microsoft Visual Studio Solution File, Format Version 12.00
# Visual Studio Version 17
VisualStudioVersion = 17.4.33122.133
MinimumVisualStudioVersion = 10.0.40219.1
Project("{FAE04EC0-301F-11D3-BF4B-00C04F79EFBC}") = "MB.GRLRestaurant.Web", "MB.GRLRestaurant.Web\MB.GRLRestaurant.Web.csproj", "{78DDBC2B-74D3-414A-93E9-98043056FE9D}"
EndProject
Global
	GlobalSection(SolutionConfigurationPlatforms) = preSolution
		Debug|Any CPU = Debug|Any CPU
		Release|Any CPU = Release|Any CPU
	EndGlobalSection
	GlobalSection(ProjectConfigurationPlatforms) = postSolution
		{78DDBC2B-74D3-414A-93E9-98043056FE9D}.Debug|Any CPU.ActiveCfg = Debug|Any CPU
		{78DDBC2B-74D3-414A-93E9-98043056FE9D}.Debug|Any CPU.Build.0 = Debug|Any CPU
		{78DDBC2B-74D3-414A-93E9-98043056FE9D}.Release|Any CPU.ActiveCfg = Release|Any CPU
		{78DDBC2B-74D3-414A-93E9-98043056FE9D}.Release|Any CPU.Build.0 = Release|Any CPU
	EndGlobalSection
	GlobalSection(SolutionProperties) = preSolution
		HideSolutionNode = FALSE
	EndGlobalSection
	GlobalSection(ExtensibilityGlobals) = postSolution
		SolutionGuid = {3D87D224-AB15-45E0-B021-F49AD5ECE243}
	EndGlobalSection
EndGlobal
